
Microsoft Visual Studio Solution File, Format Version 12.00
# Visual Studio Version 17
VisualStudioVersion = 17.1.32421.90
MinimumVisualStudioVersion = 10.0.40219.1
Project("{FAE04EC0-301F-11D3-BF4B-00C04F79EFBC}") = "Breadcrumb style with WPF", "Breadcrumb style with WPF.csproj", "{4714D77B-FD06-4FB5-BD41-7330EA874D9E}"
EndProject
Global
	GlobalSection(SolutionConfigurationPlatforms) = preSolution
		Debug|Any CPU = Debug|Any CPU
		Release|Any CPU = Release|Any CPU
	EndGlobalSection
	GlobalSection(ProjectConfigurationPlatforms) = postSolution
		{4714D77B-FD06-4FB5-BD41-7330EA874D9E}.Debug|Any CPU.ActiveCfg = Debug|Any CPU
		{4714D77B-FD06-4FB5-BD41-7330EA874D9E}.Debug|Any CPU.Build.0 = Debug|Any CPU
		{4714D77B-FD06-4FB5-BD41-7330EA874D9E}.Release|Any CPU.ActiveCfg = Release|Any CPU
		{4714D77B-FD06-4FB5-BD41-7330EA874D9E}.Release|Any CPU.Build.0 = Release|Any CPU
	EndGlobalSection
	GlobalSection(SolutionProperties) = preSolution
		HideSolutionNode = FALSE
	EndGlobalSection
	GlobalSection(ExtensibilityGlobals) = postSolution
		SolutionGuid = {DFA8730E-350A-4369-8E72-FEE381FF15DC}
	EndGlobalSection
EndGlobal
